// !$*UTF8*$!
{
	archiveVersion = 1;
	classes = {
	};
	objectVersion = 46;
	objects = {

/* Begin PBXBuildFile section */
		894534E71B48122700C6DB07 /* UIVC_SeekerSettingsPage.swift in Sources */ = {isa = PBXBuildFile; fileRef = 894534E61B48122700C6DB07 /* UIVC_SeekerSettingsPage.swift */; };
		894534E91B48124300C6DB07 /* UIVC_SeekerTimelinePage.swift in Sources */ = {isa = PBXBuildFile; fileRef = 894534E81B48124300C6DB07 /* UIVC_SeekerTimelinePage.swift */; };
		894534EB1B48126500C6DB07 /* UIVC_SeekerNewRequestPage.swift in Sources */ = {isa = PBXBuildFile; fileRef = 894534EA1B48126500C6DB07 /* UIVC_SeekerNewRequestPage.swift */; };
		89503E321B4604FA00A310C1 /* AppDelegate.swift in Sources */ = {isa = PBXBuildFile; fileRef = 89503E311B4604FA00A310C1 /* AppDelegate.swift */; };
		89503E341B4604FA00A310C1 /* ViewController.swift in Sources */ = {isa = PBXBuildFile; fileRef = 89503E331B4604FA00A310C1 /* ViewController.swift */; };
		89503E371B4604FA00A310C1 /* Main.storyboard in Resources */ = {isa = PBXBuildFile; fileRef = 89503E351B4604FA00A310C1 /* Main.storyboard */; };
		89503E391B4604FA00A310C1 /* Images.xcassets in Resources */ = {isa = PBXBuildFile; fileRef = 89503E381B4604FA00A310C1 /* Images.xcassets */; };
		89503E3C1B4604FA00A310C1 /* LaunchScreen.xib in Resources */ = {isa = PBXBuildFile; fileRef = 89503E3A1B4604FA00A310C1 /* LaunchScreen.xib */; };
		89503E481B4604FA00A310C1 /* WorkersTests.swift in Sources */ = {isa = PBXBuildFile; fileRef = 89503E471B4604FA00A310C1 /* WorkersTests.swift */; };
		89AEB0691B46076F0059BD9A /* Bolts.framework in Frameworks */ = {isa = PBXBuildFile; fileRef = 89AEB0671B46076F0059BD9A /* Bolts.framework */; };
		89AEB06A1B46076F0059BD9A /* Bolts.framework in Frameworks */ = {isa = PBXBuildFile; fileRef = 89AEB0671B46076F0059BD9A /* Bolts.framework */; };
		89AEB06B1B46076F0059BD9A /* Parse.framework in Frameworks */ = {isa = PBXBuildFile; fileRef = 89AEB0681B46076F0059BD9A /* Parse.framework */; };
		89AEB06C1B46076F0059BD9A /* Parse.framework in Frameworks */ = {isa = PBXBuildFile; fileRef = 89AEB0681B46076F0059BD9A /* Parse.framework */; };
		89AEB06E1B4607CA0059BD9A /* Accounts.framework in Frameworks */ = {isa = PBXBuildFile; fileRef = 89AEB06D1B4607CA0059BD9A /* Accounts.framework */; };
		89AEB0701B4607D70059BD9A /* AudioToolbox.framework in Frameworks */ = {isa = PBXBuildFile; fileRef = 89AEB06F1B4607D70059BD9A /* AudioToolbox.framework */; };
		89AEB0721B4607E00059BD9A /* CFNetwork.framework in Frameworks */ = {isa = PBXBuildFile; fileRef = 89AEB0711B4607E00059BD9A /* CFNetwork.framework */; };
		89AEB0741B4607E80059BD9A /* CoreGraphics.framework in Frameworks */ = {isa = PBXBuildFile; fileRef = 89AEB0731B4607E80059BD9A /* CoreGraphics.framework */; };
		89AEB0761B4607EE0059BD9A /* CoreLocation.framework in Frameworks */ = {isa = PBXBuildFile; fileRef = 89AEB0751B4607EE0059BD9A /* CoreLocation.framework */; };
		89AEB0781B4607F50059BD9A /* MobileCoreServices.framework in Frameworks */ = {isa = PBXBuildFile; fileRef = 89AEB0771B4607F50059BD9A /* MobileCoreServices.framework */; };
		89AEB07A1B4607FB0059BD9A /* QuartzCore.framework in Frameworks */ = {isa = PBXBuildFile; fileRef = 89AEB0791B4607FB0059BD9A /* QuartzCore.framework */; };
		89AEB07C1B4608010059BD9A /* Security.framework in Frameworks */ = {isa = PBXBuildFile; fileRef = 89AEB07B1B4608010059BD9A /* Security.framework */; };
		89AEB07E1B4608070059BD9A /* Social.framework in Frameworks */ = {isa = PBXBuildFile; fileRef = 89AEB07D1B4608070059BD9A /* Social.framework */; };
		89AEB0801B46080E0059BD9A /* StoreKit.framework in Frameworks */ = {isa = PBXBuildFile; fileRef = 89AEB07F1B46080E0059BD9A /* StoreKit.framework */; };
		89AEB0821B4608140059BD9A /* SystemConfiguration.framework in Frameworks */ = {isa = PBXBuildFile; fileRef = 89AEB0811B4608140059BD9A /* SystemConfiguration.framework */; };
		89AEB0841B4608200059BD9A /* libz.dylib in Frameworks */ = {isa = PBXBuildFile; fileRef = 89AEB0831B4608200059BD9A /* libz.dylib */; };
		89AEB0861B46082A0059BD9A /* libsqlite3.dylib in Frameworks */ = {isa = PBXBuildFile; fileRef = 89AEB0851B46082A0059BD9A /* libsqlite3.dylib */; };
		89E3DA211B4712E90045DDC5 /* UIVC_RegistrationPage1.swift in Sources */ = {isa = PBXBuildFile; fileRef = 89E3DA201B4712E90045DDC5 /* UIVC_RegistrationPage1.swift */; };
		89E3DA231B4714260045DDC5 /* UIVC_RegistrationPage2.swift in Sources */ = {isa = PBXBuildFile; fileRef = 89E3DA221B4714260045DDC5 /* UIVC_RegistrationPage2.swift */; };
/* End PBXBuildFile section */

/* Begin PBXContainerItemProxy section */
		89503E421B4604FA00A310C1 /* PBXContainerItemProxy */ = {
			isa = PBXContainerItemProxy;
			containerPortal = 89503E241B4604FA00A310C1 /* Project object */;
			proxyType = 1;
			remoteGlobalIDString = 89503E2B1B4604FA00A310C1;
			remoteInfo = Workers;
		};
/* End PBXContainerItemProxy section */

/* Begin PBXFileReference section */
		894534E61B48122700C6DB07 /* UIVC_SeekerSettingsPage.swift */ = {isa = PBXFileReference; fileEncoding = 4; lastKnownFileType = sourcecode.swift; path = UIVC_SeekerSettingsPage.swift; sourceTree = "<group>"; };
		894534E81B48124300C6DB07 /* UIVC_SeekerTimelinePage.swift */ = {isa = PBXFileReference; fileEncoding = 4; lastKnownFileType = sourcecode.swift; path = UIVC_SeekerTimelinePage.swift; sourceTree = "<group>"; };
		894534EA1B48126500C6DB07 /* UIVC_SeekerNewRequestPage.swift */ = {isa = PBXFileReference; fileEncoding = 4; lastKnownFileType = sourcecode.swift; path = UIVC_SeekerNewRequestPage.swift; sourceTree = "<group>"; };
		89503E2C1B4604FA00A310C1 /* Workers.app */ = {isa = PBXFileReference; explicitFileType = wrapper.application; includeInIndex = 0; path = Workers.app; sourceTree = BUILT_PRODUCTS_DIR; };
		89503E301B4604FA00A310C1 /* Info.plist */ = {isa = PBXFileReference; lastKnownFileType = text.plist.xml; path = Info.plist; sourceTree = "<group>"; };
		89503E311B4604FA00A310C1 /* AppDelegate.swift */ = {isa = PBXFileReference; lastKnownFileType = sourcecode.swift; path = AppDelegate.swift; sourceTree = "<group>"; };
		89503E331B4604FA00A310C1 /* ViewController.swift */ = {isa = PBXFileReference; lastKnownFileType = sourcecode.swift; path = ViewController.swift; sourceTree = "<group>"; };
		89503E361B4604FA00A310C1 /* Base */ = {isa = PBXFileReference; lastKnownFileType = file.storyboard; name = Base; path = Base.lproj/Main.storyboard; sourceTree = "<group>"; };
		89503E381B4604FA00A310C1 /* Images.xcassets */ = {isa = PBXFileReference; lastKnownFileType = folder.assetcatalog; path = Images.xcassets; sourceTree = "<group>"; };
		89503E3B1B4604FA00A310C1 /* Base */ = {isa = PBXFileReference; lastKnownFileType = file.xib; name = Base; path = Base.lproj/LaunchScreen.xib; sourceTree = "<group>"; };
		89503E411B4604FA00A310C1 /* WorkersTests.xctest */ = {isa = PBXFileReference; explicitFileType = wrapper.cfbundle; includeInIndex = 0; path = WorkersTests.xctest; sourceTree = BUILT_PRODUCTS_DIR; };
		89503E461B4604FA00A310C1 /* Info.plist */ = {isa = PBXFileReference; lastKnownFileType = text.plist.xml; path = Info.plist; sourceTree = "<group>"; };
		89503E471B4604FA00A310C1 /* WorkersTests.swift */ = {isa = PBXFileReference; lastKnownFileType = sourcecode.swift; path = WorkersTests.swift; sourceTree = "<group>"; };
		89AEB0671B46076F0059BD9A /* Bolts.framework */ = {isa = PBXFileReference; lastKnownFileType = wrapper.framework; path = Bolts.framework; sourceTree = "<group>"; };
		89AEB0681B46076F0059BD9A /* Parse.framework */ = {isa = PBXFileReference; lastKnownFileType = wrapper.framework; path = Parse.framework; sourceTree = "<group>"; };
		89AEB06D1B4607CA0059BD9A /* Accounts.framework */ = {isa = PBXFileReference; lastKnownFileType = wrapper.framework; name = Accounts.framework; path = System/Library/Frameworks/Accounts.framework; sourceTree = SDKROOT; };
		89AEB06F1B4607D70059BD9A /* AudioToolbox.framework */ = {isa = PBXFileReference; lastKnownFileType = wrapper.framework; name = AudioToolbox.framework; path = System/Library/Frameworks/AudioToolbox.framework; sourceTree = SDKROOT; };
		89AEB0711B4607E00059BD9A /* CFNetwork.framework */ = {isa = PBXFileReference; lastKnownFileType = wrapper.framework; name = CFNetwork.framework; path = System/Library/Frameworks/CFNetwork.framework; sourceTree = SDKROOT; };
		89AEB0731B4607E80059BD9A /* CoreGraphics.framework */ = {isa = PBXFileReference; lastKnownFileType = wrapper.framework; name = CoreGraphics.framework; path = System/Library/Frameworks/CoreGraphics.framework; sourceTree = SDKROOT; };
		89AEB0751B4607EE0059BD9A /* CoreLocation.framework */ = {isa = PBXFileReference; lastKnownFileType = wrapper.framework; name = CoreLocation.framework; path = System/Library/Frameworks/CoreLocation.framework; sourceTree = SDKROOT; };
		89AEB0771B4607F50059BD9A /* MobileCoreServices.framework */ = {isa = PBXFileReference; lastKnownFileType = wrapper.framework; name = MobileCoreServices.framework; path = System/Library/Frameworks/MobileCoreServices.framework; sourceTree = SDKROOT; };
		89AEB0791B4607FB0059BD9A /* QuartzCore.framework */ = {isa = PBXFileReference; lastKnownFileType = wrapper.framework; name = QuartzCore.framework; path = System/Library/Frameworks/QuartzCore.framework; sourceTree = SDKROOT; };
		89AEB07B1B4608010059BD9A /* Security.framework */ = {isa = PBXFileReference; lastKnownFileType = wrapper.framework; name = Security.framework; path = System/Library/Frameworks/Security.framework; sourceTree = SDKROOT; };
		89AEB07D1B4608070059BD9A /* Social.framework */ = {isa = PBXFileReference; lastKnownFileType = wrapper.framework; name = Social.framework; path = System/Library/Frameworks/Social.framework; sourceTree = SDKROOT; };
		89AEB07F1B46080E0059BD9A /* StoreKit.framework */ = {isa = PBXFileReference; lastKnownFileType = wrapper.framework; name = StoreKit.framework; path = System/Library/Frameworks/StoreKit.framework; sourceTree = SDKROOT; };
		89AEB0811B4608140059BD9A /* SystemConfiguration.framework */ = {isa = PBXFileReference; lastKnownFileType = wrapper.framework; name = SystemConfiguration.framework; path = System/Library/Frameworks/SystemConfiguration.framework; sourceTree = SDKROOT; };
		89AEB0831B4608200059BD9A /* libz.dylib */ = {isa = PBXFileReference; lastKnownFileType = "compiled.mach-o.dylib"; name = libz.dylib; path = usr/lib/libz.dylib; sourceTree = SDKROOT; };
		89AEB0851B46082A0059BD9A /* libsqlite3.dylib */ = {isa = PBXFileReference; lastKnownFileType = "compiled.mach-o.dylib"; name = libsqlite3.dylib; path = usr/lib/libsqlite3.dylib; sourceTree = SDKROOT; };
		89E3DA201B4712E90045DDC5 /* UIVC_RegistrationPage1.swift */ = {isa = PBXFileReference; fileEncoding = 4; lastKnownFileType = sourcecode.swift; path = UIVC_RegistrationPage1.swift; sourceTree = "<group>"; };
		89E3DA221B4714260045DDC5 /* UIVC_RegistrationPage2.swift */ = {isa = PBXFileReference; fileEncoding = 4; lastKnownFileType = sourcecode.swift; path = UIVC_RegistrationPage2.swift; sourceTree = "<group>"; };
/* End PBXFileReference section */

/* Begin PBXFrameworksBuildPhase section */
		89503E291B4604FA00A310C1 /* Frameworks */ = {
			isa = PBXFrameworksBuildPhase;
			buildActionMask = 2147483647;
			files = (
				89AEB0861B46082A0059BD9A /* libsqlite3.dylib in Frameworks */,
				89AEB0841B4608200059BD9A /* libz.dylib in Frameworks */,
				89AEB0821B4608140059BD9A /* SystemConfiguration.framework in Frameworks */,
				89AEB0801B46080E0059BD9A /* StoreKit.framework in Frameworks */,
				89AEB07E1B4608070059BD9A /* Social.framework in Frameworks */,
				89AEB07C1B4608010059BD9A /* Security.framework in Frameworks */,
				89AEB07A1B4607FB0059BD9A /* QuartzCore.framework in Frameworks */,
				89AEB0781B4607F50059BD9A /* MobileCoreServices.framework in Frameworks */,
				89AEB0761B4607EE0059BD9A /* CoreLocation.framework in Frameworks */,
				89AEB0741B4607E80059BD9A /* CoreGraphics.framework in Frameworks */,
				89AEB0721B4607E00059BD9A /* CFNetwork.framework in Frameworks */,
				89AEB0701B4607D70059BD9A /* AudioToolbox.framework in Frameworks */,
				89AEB06E1B4607CA0059BD9A /* Accounts.framework in Frameworks */,
				89AEB06B1B46076F0059BD9A /* Parse.framework in Frameworks */,
				89AEB0691B46076F0059BD9A /* Bolts.framework in Frameworks */,
			);
			runOnlyForDeploymentPostprocessing = 0;
		};
		89503E3E1B4604FA00A310C1 /* Frameworks */ = {
			isa = PBXFrameworksBuildPhase;
			buildActionMask = 2147483647;
			files = (
				89AEB06C1B46076F0059BD9A /* Parse.framework in Frameworks */,
				89AEB06A1B46076F0059BD9A /* Bolts.framework in Frameworks */,
			);
			runOnlyForDeploymentPostprocessing = 0;
		};
/* End PBXFrameworksBuildPhase section */

/* Begin PBXGroup section */
		89503E231B4604FA00A310C1 = {
			isa = PBXGroup;
			children = (
				89AEB0851B46082A0059BD9A /* libsqlite3.dylib */,
				89AEB0831B4608200059BD9A /* libz.dylib */,
				89AEB0811B4608140059BD9A /* SystemConfiguration.framework */,
				89AEB07F1B46080E0059BD9A /* StoreKit.framework */,
				89AEB07D1B4608070059BD9A /* Social.framework */,
				89AEB07B1B4608010059BD9A /* Security.framework */,
				89AEB0791B4607FB0059BD9A /* QuartzCore.framework */,
				89AEB0771B4607F50059BD9A /* MobileCoreServices.framework */,
				89AEB0751B4607EE0059BD9A /* CoreLocation.framework */,
				89AEB0731B4607E80059BD9A /* CoreGraphics.framework */,
				89AEB0711B4607E00059BD9A /* CFNetwork.framework */,
				89AEB06F1B4607D70059BD9A /* AudioToolbox.framework */,
				89AEB06D1B4607CA0059BD9A /* Accounts.framework */,
				89AEB0671B46076F0059BD9A /* Bolts.framework */,
				89AEB0681B46076F0059BD9A /* Parse.framework */,
				89503E2E1B4604FA00A310C1 /* Workers */,
				89503E441B4604FA00A310C1 /* WorkersTests */,
				89503E2D1B4604FA00A310C1 /* Products */,
			);
			sourceTree = "<group>";
		};
		89503E2D1B4604FA00A310C1 /* Products */ = {
			isa = PBXGroup;
			children = (
				89503E2C1B4604FA00A310C1 /* Workers.app */,
				89503E411B4604FA00A310C1 /* WorkersTests.xctest */,
			);
			name = Products;
			sourceTree = "<group>";
		};
		89503E2E1B4604FA00A310C1 /* Workers */ = {
			isa = PBXGroup;
			children = (
				89503E311B4604FA00A310C1 /* AppDelegate.swift */,
				89503E331B4604FA00A310C1 /* ViewController.swift */,
				89E3DA201B4712E90045DDC5 /* UIVC_RegistrationPage1.swift */,
				89E3DA221B4714260045DDC5 /* UIVC_RegistrationPage2.swift */,
				894534E61B48122700C6DB07 /* UIVC_SeekerSettingsPage.swift */,
				894534E81B48124300C6DB07 /* UIVC_SeekerTimelinePage.swift */,
				894534EA1B48126500C6DB07 /* UIVC_SeekerNewRequestPage.swift */,
				89503E351B4604FA00A310C1 /* Main.storyboard */,
				89503E381B4604FA00A310C1 /* Images.xcassets */,
				89503E3A1B4604FA00A310C1 /* LaunchScreen.xib */,
				89503E2F1B4604FA00A310C1 /* Supporting Files */,
			);
			path = Workers;
			sourceTree = "<group>";
		};
		89503E2F1B4604FA00A310C1 /* Supporting Files */ = {
			isa = PBXGroup;
			children = (
				89503E301B4604FA00A310C1 /* Info.plist */,
			);
			name = "Supporting Files";
			sourceTree = "<group>";
		};
		89503E441B4604FA00A310C1 /* WorkersTests */ = {
			isa = PBXGroup;
			children = (
				89503E471B4604FA00A310C1 /* WorkersTests.swift */,
				89503E451B4604FA00A310C1 /* Supporting Files */,
			);
			path = WorkersTests;
			sourceTree = "<group>";
		};
		89503E451B4604FA00A310C1 /* Supporting Files */ = {
			isa = PBXGroup;
			children = (
				89503E461B4604FA00A310C1 /* Info.plist */,
			);
			name = "Supporting Files";
			sourceTree = "<group>";
		};
/* End PBXGroup section */

/* Begin PBXNativeTarget section */
		89503E2B1B4604FA00A310C1 /* Workers */ = {
			isa = PBXNativeTarget;
			buildConfigurationList = 89503E4B1B4604FA00A310C1 /* Build configuration list for PBXNativeTarget "Workers" */;
			buildPhases = (
				89503E281B4604FA00A310C1 /* Sources */,
				89503E291B4604FA00A310C1 /* Frameworks */,
				89503E2A1B4604FA00A310C1 /* Resources */,
			);
			buildRules = (
			);
			dependencies = (
			);
			name = Workers;
			productName = Workers;
			productReference = 89503E2C1B4604FA00A310C1 /* Workers.app */;
			productType = "com.apple.product-type.application";
		};
		89503E401B4604FA00A310C1 /* WorkersTests */ = {
			isa = PBXNativeTarget;
			buildConfigurationList = 89503E4E1B4604FA00A310C1 /* Build configuration list for PBXNativeTarget "WorkersTests" */;
			buildPhases = (
				89503E3D1B4604FA00A310C1 /* Sources */,
				89503E3E1B4604FA00A310C1 /* Frameworks */,
				89503E3F1B4604FA00A310C1 /* Resources */,
			);
			buildRules = (
			);
			dependencies = (
				89503E431B4604FA00A310C1 /* PBXTargetDependency */,
			);
			name = WorkersTests;
			productName = WorkersTests;
			productReference = 89503E411B4604FA00A310C1 /* WorkersTests.xctest */;
			productType = "com.apple.product-type.bundle.unit-test";
		};
/* End PBXNativeTarget section */

/* Begin PBXProject section */
		89503E241B4604FA00A310C1 /* Project object */ = {
			isa = PBXProject;
			attributes = {
				LastUpgradeCheck = 0640;
				ORGANIZATIONNAME = ZazowPro;
				TargetAttributes = {
					89503E2B1B4604FA00A310C1 = {
						CreatedOnToolsVersion = 6.4;
					};
					89503E401B4604FA00A310C1 = {
						CreatedOnToolsVersion = 6.4;
						TestTargetID = 89503E2B1B4604FA00A310C1;
					};
				};
			};
			buildConfigurationList = 89503E271B4604FA00A310C1 /* Build configuration list for PBXProject "Workers" */;
			compatibilityVersion = "Xcode 3.2";
			developmentRegion = English;
			hasScannedForEncodings = 0;
			knownRegions = (
				en,
				Base,
			);
			mainGroup = 89503E231B4604FA00A310C1;
			productRefGroup = 89503E2D1B4604FA00A310C1 /* Products */;
			projectDirPath = "";
			projectRoot = "";
			targets = (
				89503E2B1B4604FA00A310C1 /* Workers */,
				89503E401B4604FA00A310C1 /* WorkersTests */,
			);
		};
/* End PBXProject section */

/* Begin PBXResourcesBuildPhase section */
		89503E2A1B4604FA00A310C1 /* Resources */ = {
			isa = PBXResourcesBuildPhase;
			buildActionMask = 2147483647;
			files = (
				89503E371B4604FA00A310C1 /* Main.storyboard in Resources */,
				89503E3C1B4604FA00A310C1 /* LaunchScreen.xib in Resources */,
				89503E391B4604FA00A310C1 /* Images.xcassets in Resources */,
			);
			runOnlyForDeploymentPostprocessing = 0;
		};
		89503E3F1B4604FA00A310C1 /* Resources */ = {
			isa = PBXResourcesBuildPhase;
			buildActionMask = 2147483647;
			files = (
			);
			runOnlyForDeploymentPostprocessing = 0;
		};
/* End PBXResourcesBuildPhase section */

/* Begin PBXSourcesBuildPhase section */
		89503E281B4604FA00A310C1 /* Sources */ = {
			isa = PBXSourcesBuildPhase;
			buildActionMask = 2147483647;
			files = (
				89503E341B4604FA00A310C1 /* ViewController.swift in Sources */,
				894534E91B48124300C6DB07 /* UIVC_SeekerTimelinePage.swift in Sources */,
				894534E71B48122700C6DB07 /* UIVC_SeekerSettingsPage.swift in Sources */,
				89E3DA211B4712E90045DDC5 /* UIVC_RegistrationPage1.swift in Sources */,
				894534EB1B48126500C6DB07 /* UIVC_SeekerNewRequestPage.swift in Sources */,
				89503E321B4604FA00A310C1 /* AppDelegate.swift in Sources */,
				89E3DA231B4714260045DDC5 /* UIVC_RegistrationPage2.swift in Sources */,
			);
			runOnlyForDeploymentPostprocessing = 0;
		};
		89503E3D1B4604FA00A310C1 /* Sources */ = {
			isa = PBXSourcesBuildPhase;
			buildActionMask = 2147483647;
			files = (
				89503E481B4604FA00A310C1 /* WorkersTests.swift in Sources */,
			);
			runOnlyForDeploymentPostprocessing = 0;
		};
/* End PBXSourcesBuildPhase section */

/* Begin PBXTargetDependency section */
		89503E431B4604FA00A310C1 /* PBXTargetDependency */ = {
			isa = PBXTargetDependency;
			target = 89503E2B1B4604FA00A310C1 /* Workers */;
			targetProxy = 89503E421B4604FA00A310C1 /* PBXContainerItemProxy */;
		};
/* End PBXTargetDependency section */

/* Begin PBXVariantGroup section */
		89503E351B4604FA00A310C1 /* Main.storyboard */ = {
			isa = PBXVariantGroup;
			children = (
				89503E361B4604FA00A310C1 /* Base */,
			);
			name = Main.storyboard;
			sourceTree = "<group>";
		};
		89503E3A1B4604FA00A310C1 /* LaunchScreen.xib */ = {
			isa = PBXVariantGroup;
			children = (
				89503E3B1B4604FA00A310C1 /* Base */,
			);
			name = LaunchScreen.xib;
			sourceTree = "<group>";
		};
/* End PBXVariantGroup section */

/* Begin XCBuildConfiguration section */
		89503E491B4604FA00A310C1 /* Debug */ = {
			isa = XCBuildConfiguration;
			buildSettings = {
				ALWAYS_SEARCH_USER_PATHS = NO;
				CLANG_CXX_LANGUAGE_STANDARD = "gnu++0x";
				CLANG_CXX_LIBRARY = "libc++";
				CLANG_ENABLE_MODULES = YES;
				CLANG_ENABLE_OBJC_ARC = YES;
				CLANG_WARN_BOOL_CONVERSION = YES;
				CLANG_WARN_CONSTANT_CONVERSION = YES;
				CLANG_WARN_DIRECT_OBJC_ISA_USAGE = YES_ERROR;
				CLANG_WARN_EMPTY_BODY = YES;
				CLANG_WARN_ENUM_CONVERSION = YES;
				CLANG_WARN_INT_CONVERSION = YES;
				CLANG_WARN_OBJC_ROOT_CLASS = YES_ERROR;
				CLANG_WARN_UNREACHABLE_CODE = YES;
				CLANG_WARN__DUPLICATE_METHOD_MATCH = YES;
				"CODE_SIGN_IDENTITY[sdk=iphoneos*]" = "iPhone Developer";
				COPY_PHASE_STRIP = NO;
				DEBUG_INFORMATION_FORMAT = "dwarf-with-dsym";
				ENABLE_STRICT_OBJC_MSGSEND = YES;
				GCC_C_LANGUAGE_STANDARD = gnu99;
				GCC_DYNAMIC_NO_PIC = NO;
				GCC_NO_COMMON_BLOCKS = YES;
				GCC_OPTIMIZATION_LEVEL = 0;
				GCC_PREPROCESSOR_DEFINITIONS = (
					"DEBUG=1",
					"$(inherited)",
				);
				GCC_SYMBOLS_PRIVATE_EXTERN = NO;
				GCC_WARN_64_TO_32_BIT_CONVERSION = YES;
				GCC_WARN_ABOUT_RETURN_TYPE = YES_ERROR;
				GCC_WARN_UNDECLARED_SELECTOR = YES;
				GCC_WARN_UNINITIALIZED_AUTOS = YES_AGGRESSIVE;
				GCC_WARN_UNUSED_FUNCTION = YES;
				GCC_WARN_UNUSED_VARIABLE = YES;
				IPHONEOS_DEPLOYMENT_TARGET = 8.4;
				MTL_ENABLE_DEBUG_INFO = YES;
				ONLY_ACTIVE_ARCH = YES;
				SDKROOT = iphoneos;
				SWIFT_OPTIMIZATION_LEVEL = "-Onone";
			};
			name = Debug;
		};
		89503E4A1B4604FA00A310C1 /* Release */ = {
			isa = XCBuildConfiguration;
			buildSettings = {
				ALWAYS_SEARCH_USER_PATHS = NO;
				CLANG_CXX_LANGUAGE_STANDARD = "gnu++0x";
				CLANG_CXX_LIBRARY = "libc++";
				CLANG_ENABLE_MODULES = YES;
				CLANG_ENABLE_OBJC_ARC = YES;
				CLANG_WARN_BOOL_CONVERSION = YES;
				CLANG_WARN_CONSTANT_CONVERSION = YES;
				CLANG_WARN_DIRECT_OBJC_ISA_USAGE = YES_ERROR;
				CLANG_WARN_EMPTY_BODY = YES;
				CLANG_WARN_ENUM_CONVERSION = YES;
				CLANG_WARN_INT_CONVERSION = YES;
				CLANG_WARN_OBJC_ROOT_CLASS = YES_ERROR;
				CLANG_WARN_UNREACHABLE_CODE = YES;
				CLANG_WARN__DUPLICATE_METHOD_MATCH = YES;
				"CODE_SIGN_IDENTITY[sdk=iphoneos*]" = "iPhone Developer";
				COPY_PHASE_STRIP = NO;
				DEBUG_INFORMATION_FORMAT = "dwarf-with-dsym";
				ENABLE_NS_ASSERTIONS = NO;
				ENABLE_STRICT_OBJC_MSGSEND = YES;
				GCC_C_LANGUAGE_STANDARD = gnu99;
				GCC_NO_COMMON_BLOCKS = YES;
				GCC_WARN_64_TO_32_BIT_CONVERSION = YES;
				GCC_WARN_ABOUT_RETURN_TYPE = YES_ERROR;
				GCC_WARN_UNDECLARED_SELECTOR = YES;
				GCC_WARN_UNINITIALIZED_AUTOS = YES_AGGRESSIVE;
				GCC_WARN_UNUSED_FUNCTION = YES;
				GCC_WARN_UNUSED_VARIABLE = YES;
				IPHONEOS_DEPLOYMENT_TARGET = 8.4;
				MTL_ENABLE_DEBUG_INFO = NO;
				SDKROOT = iphoneos;
				VALIDATE_PRODUCT = YES;
			};
			name = Release;
		};
		89503E4C1B4604FA00A310C1 /* Debug */ = {
			isa = XCBuildConfiguration;
			buildSettings = {
				ASSETCATALOG_COMPILER_APPICON_NAME = AppIcon;
				FRAMEWORK_SEARCH_PATHS = (
					"$(inherited)",
					"$(PROJECT_DIR)",
				);
				INFOPLIST_FILE = Workers/Info.plist;
				LD_RUNPATH_SEARCH_PATHS = "$(inherited) @executable_path/Frameworks";
				PRODUCT_NAME = "$(TARGET_NAME)";
			};
			name = Debug;
		};
		89503E4D1B4604FA00A310C1 /* Release */ = {
			isa = XCBuildConfiguration;
			buildSettings = {
				ASSETCATALOG_COMPILER_APPICON_NAME = AppIcon;
				FRAMEWORK_SEARCH_PATHS = (
					"$(inherited)",
					"$(PROJECT_DIR)",
				);
				INFOPLIST_FILE = Workers/Info.plist;
				LD_RUNPATH_SEARCH_PATHS = "$(inherited) @executable_path/Frameworks";
				PRODUCT_NAME = "$(TARGET_NAME)";
			};
			name = Release;
		};
		89503E4F1B4604FA00A310C1 /* Debug */ = {
			isa = XCBuildConfiguration;
			buildSettings = {
				BUNDLE_LOADER = "$(TEST_HOST)";
				FRAMEWORK_SEARCH_PATHS = (
					"$(SDKROOT)/Developer/Library/Frameworks",
					"$(inherited)",
					"$(PROJECT_DIR)",
				);
				GCC_PREPROCESSOR_DEFINITIONS = (
					"DEBUG=1",
					"$(inherited)",
				);
				INFOPLIST_FILE = WorkersTests/Info.plist;
				LD_RUNPATH_SEARCH_PATHS = "$(inherited) @executable_path/Frameworks @loader_path/Frameworks";
				PRODUCT_NAME = "$(TARGET_NAME)";
				TEST_HOST = "$(BUILT_PRODUCTS_DIR)/Workers.app/Workers";
			};
			name = Debug;
		};
		89503E501B4604FA00A310C1 /* Release */ = {
			isa = XCBuildConfiguration;
			buildSettings = {
				BUNDLE_LOADER = "$(TEST_HOST)";
				FRAMEWORK_SEARCH_PATHS = (
					"$(SDKROOT)/Developer/Library/Frameworks",
					"$(inherited)",
					"$(PROJECT_DIR)",
				);
				INFOPLIST_FILE = WorkersTests/Info.plist;
				LD_RUNPATH_SEARCH_PATHS = "$(inherited) @executable_path/Frameworks @loader_path/Frameworks";
				PRODUCT_NAME = "$(TARGET_NAME)";
				TEST_HOST = "$(BUILT_PRODUCTS_DIR)/Workers.app/Workers";
			};
			name = Release;
		};
/* End XCBuildConfiguration section */

/* Begin XCConfigurationList section */
		89503E271B4604FA00A310C1 /* Build configuration list for PBXProject "Workers" */ = {
			isa = XCConfigurationList;
			buildConfigurations = (
				89503E491B4604FA00A310C1 /* Debug */,
				89503E4A1B4604FA00A310C1 /* Release */,
			);
			defaultConfigurationIsVisible = 0;
			defaultConfigurationName = Release;
		};
		89503E4B1B4604FA00A310C1 /* Build configuration list for PBXNativeTarget "Workers" */ = {
			isa = XCConfigurationList;
			buildConfigurations = (
				89503E4C1B4604FA00A310C1 /* Debug */,
				89503E4D1B4604FA00A310C1 /* Release */,
			);
			defaultConfigurationIsVisible = 0;
			defaultConfigurationName = Release;
		};
		89503E4E1B4604FA00A310C1 /* Build configuration list for PBXNativeTarget "WorkersTests" */ = {
			isa = XCConfigurationList;
			buildConfigurations = (
				89503E4F1B4604FA00A310C1 /* Debug */,
				89503E501B4604FA00A310C1 /* Release */,
			);
			defaultConfigurationIsVisible = 0;
			defaultConfigurationName = Release;
		};
/* End XCConfigurationList section */
	};
	rootObject = 89503E241B4604FA00A310C1 /* Project object */;
}
